
Microsoft Visual Studio Solution File, Format Version 12.00
# Visual Studio 2013
VisualStudioVersion = 12.0.31101.0
MinimumVisualStudioVersion = 10.0.40219.1
Project("{FAE04EC0-301F-11D3-BF4B-00C04F79EFBC}") = "TileLayoutWidget", "TileLayoutWidget\TileLayoutWidget.csproj", "{EF08DAB5-7600-425F-85A3-45E0B2ED5E8E}"
EndProject
Global
	GlobalSection(SolutionConfigurationPlatforms) = preSolution
		Debug|Any CPU = Debug|Any CPU
		Release|Any CPU = Release|Any CPU
	EndGlobalSection
	GlobalSection(ProjectConfigurationPlatforms) = postSolution
		{EF08DAB5-7600-425F-85A3-45E0B2ED5E8E}.Debug|Any CPU.ActiveCfg = Debug|Any CPU
		{EF08DAB5-7600-425F-85A3-45E0B2ED5E8E}.Debug|Any CPU.Build.0 = Debug|Any CPU
		{EF08DAB5-7600-425F-85A3-45E0B2ED5E8E}.Release|Any CPU.ActiveCfg = Release|Any CPU
		{EF08DAB5-7600-425F-85A3-45E0B2ED5E8E}.Release|Any CPU.Build.0 = Release|Any CPU
	EndGlobalSection
	GlobalSection(SolutionProperties) = preSolution
		HideSolutionNode = FALSE
	EndGlobalSection
EndGlobal
